
Microsoft Visual Studio Solution File, Format Version 12.00
# Visual Studio 15
VisualStudioVersion = 15.0.27004.2008
MinimumVisualStudioVersion = 10.0.40219.1
Project("{FAE04EC0-301F-11D3-BF4B-00C04F79EFBC}") = "HotbarFramework", "HotbarFramework\HotbarFramework.csproj", "{9DA230BE-2B8A-4DCF-B2BF-B357D3C16BE9}"
EndProject
Global
	GlobalSection(SolutionConfigurationPlatforms) = preSolution
		Debug|Any CPU = Debug|Any CPU
		Release|Any CPU = Release|Any CPU
	EndGlobalSection
	GlobalSection(ProjectConfigurationPlatforms) = postSolution
		{9DA230BE-2B8A-4DCF-B2BF-B357D3C16BE9}.Debug|Any CPU.ActiveCfg = Debug|Any CPU
		{9DA230BE-2B8A-4DCF-B2BF-B357D3C16BE9}.Debug|Any CPU.Build.0 = Debug|Any CPU
		{9DA230BE-2B8A-4DCF-B2BF-B357D3C16BE9}.Release|Any CPU.ActiveCfg = Release|Any CPU
		{9DA230BE-2B8A-4DCF-B2BF-B357D3C16BE9}.Release|Any CPU.Build.0 = Release|Any CPU
	EndGlobalSection
	GlobalSection(SolutionProperties) = preSolution
		HideSolutionNode = FALSE
	EndGlobalSection
	GlobalSection(ExtensibilityGlobals) = postSolution
		SolutionGuid = {DF47385D-3C82-45DD-842B-B5D6C527BDF8}
	EndGlobalSection
EndGlobal
